{
  "requires": true,
  "lockfileVersion": 1,
  "dependencies": {
    "@microsoft/applicationinsights-analytics-js": {
      "version": "2.3.1",
      "resolved": "https://registry.npmjs.org/@microsoft/applicationinsights-analytics-js/-/applicationinsights-analytics-js-2.3.1.tgz",
      "integrity": "sha512-/yaY0aYo7ltV9km4jkW+kZ4jkKuLd6hsX2mcqaQ3KkMFEuC8dCnJ3r0NZqW6WrduW08qwmGKVGXJbRox26P96g==",
      "requires": {
        "@microsoft/applicationinsights-common": "2.3.1",
        "@microsoft/applicationinsights-core-js": "2.3.1",
        "tslib": "^1.9.3"
      }
    },
    "@microsoft/applicationinsights-channel-js": {
      "version": "2.3.1",
      "resolved": "https://registry.npmjs.org/@microsoft/applicationinsights-channel-js/-/applicationinsights-channel-js-2.3.1.tgz",
      "integrity": "sha512-g0ZHbUB96/+2m/ynSLImts9iGIs83yRAXgmMvnIr1ViK9IZLx56wOuSiKWj7e3t/+gtFBxIrgXAZ5OVZ3n97FQ==",
      "requires": {
        "@microsoft/applicationinsights-common": "2.3.1",
        "@microsoft/applicationinsights-core-js": "2.3.1",
        "tslib": "^1.9.3"
      }
    },
    "@microsoft/applicationinsights-common": {
      "version": "2.3.1",
      "resolved": "https://registry.npmjs.org/@microsoft/applicationinsights-common/-/applicationinsights-common-2.3.1.tgz",
      "integrity": "sha512-mT7NPU3dv5ecRHGBMpYIkGMKsyBAHYAJF5c+4E8ygN0WfxUQbye0TjpYPPoeg4fXXk26fuHyXDByFIGIFfZohA==",
      "requires": {
        "@microsoft/applicationinsights-core-js": "2.3.1",
        "tslib": "^1.9.3"
      }
    },
    "@microsoft/applicationinsights-core-js": {
      "version": "2.3.1",
      "resolved": "https://registry.npmjs.org/@microsoft/applicationinsights-core-js/-/applicationinsights-core-js-2.3.1.tgz",
      "integrity": "sha512-3f2KZ7b/jfkaJYItAL+hW/Rz9hvX+GXGHcYuQ+9N/tGSFne2hYRL2lKqEvaVal71Zji/OznAVn+dW4dcgbh/aw==",
      "requires": {
        "tslib": "^1.9.3"
      }
    },
    "@microsoft/applicationinsights-dependencies-js": {
      "version": "2.3.1",
      "resolved": "https://registry.npmjs.org/@microsoft/applicationinsights-dependencies-js/-/applicationinsights-dependencies-js-2.3.1.tgz",
      "integrity": "sha512-O0grmUT7LDgxY4CX1+lVHrtbIJZg6XuxDZV/8nI0C+kaHUBzZ//x6/5/6yncsRX9KiAnUPJBx5OJgq6uU2iHyQ==",
      "requires": {
        "@microsoft/applicationinsights-common": "2.3.1",
        "@microsoft/applicationinsights-core-js": "2.3.1",
        "tslib": "^1.9.3"
      }
    },
    "@microsoft/applicationinsights-properties-js": {
      "version": "2.3.1",
      "resolved": "https://registry.npmjs.org/@microsoft/applicationinsights-properties-js/-/applicationinsights-properties-js-2.3.1.tgz",
      "integrity": "sha512-1ZR97OC+DOgKNP1IA8lLXFbx0heJQSVGpJomOyJJcNBDXVrq/1evwRFQWlU1B9m4LCHaXvJOgTd9d5otMJTscQ==",
      "requires": {
        "@microsoft/applicationinsights-common": "2.3.1",
        "@microsoft/applicationinsights-core-js": "2.3.1",
        "tslib": "^1.9.3"
      }
    },
    "@microsoft/applicationinsights-web": {
      "version": "2.3.1",
      "resolved": "https://registry.npmjs.org/@microsoft/applicationinsights-web/-/applicationinsights-web-2.3.1.tgz",
      "integrity": "sha512-Y9MR+TsqNUvATOge3+5GK6WXHat/J+ttgSQhrhMXQ46tzucEwaiwSXO4YVTD/8pOINFg8MPW6jXEvevsSzpjWA==",
      "requires": {
        "@microsoft/applicationinsights-analytics-js": "2.3.1",
        "@microsoft/applicationinsights-channel-js": "2.3.1",
        "@microsoft/applicationinsights-common": "2.3.1",
        "@microsoft/applicationinsights-core-js": "2.3.1",
        "@microsoft/applicationinsights-dependencies-js": "2.3.1",
        "@microsoft/applicationinsights-properties-js": "2.3.1"
      }
    },
    "tslib": {
      "version": "1.10.0",
      "resolved": "https://registry.npmjs.org/tslib/-/tslib-1.10.0.tgz",
      "integrity": "sha512-qOebF53frne81cf0S9B41ByenJ3/IuH8yJKngAX35CmiZySA0khhkovshKK+jGCaMnVomla7gVlIcc3EvKPbTQ=="
    }
  }
}
